
Microsoft Visual Studio Solution File, Format Version 12.00
# Visual Studio Version 17
VisualStudioVersion = 17.0.31903.59
MinimumVisualStudioVersion = 10.0.40219.1
Project("{FAE04EC0-301F-11D3-BF4B-00C04F79EFBC}") = "Domain", "Domain\Domain.csproj", "{1F221A07-8279-4DA1-9687-A21001A7F45E}"
EndProject
Project("{FAE04EC0-301F-11D3-BF4B-00C04F79EFBC}") = "Shared", "Shared\Shared.csproj", "{B58CF117-19D0-48A1-96DB-DCE4128D88F8}"
EndProject
Project("{FAE04EC0-301F-11D3-BF4B-00C04F79EFBC}") = "Auth", "modules\Auth\Auth.csproj", "{9FA348BD-1332-4B88-B8E7-014ECE8E8F54}"
EndProject
Project("{FAE04EC0-301F-11D3-BF4B-00C04F79EFBC}") = "Stores", "modules\Stores\Stores.csproj", "{54F6E821-962B-44D9-A82B-72333BDDA5EE}"
EndProject
Project("{FAE04EC0-301F-11D3-BF4B-00C04F79EFBC}") = "Shifts", "modules\Shifts\Shifts.csproj", "{1E3B0010-2291-45A1-B547-CC387E9742D8}"
EndProject
Project("{FAE04EC0-301F-11D3-BF4B-00C04F79EFBC}") = "Attendance", "modules\Attendance\Attendance.csproj", "{B6D31E85-BC89-49DB-8803-6FDE70924895}"
EndProject
Project("{FAE04EC0-301F-11D3-BF4B-00C04F79EFBC}") = "Dispatch", "modules\Dispatch\Dispatch.csproj", "{7A1CB229-4922-4025-B4A4-18C5D7E5A0DE}"
EndProject
Project("{FAE04EC0-301F-11D3-BF4B-00C04F79EFBC}") = "Handovers", "modules\Handovers\Handovers.csproj", "{A07B167D-66DF-400C-835F-C34461EE2098}"
EndProject
Project("{FAE04EC0-301F-11D3-BF4B-00C04F79EFBC}") = "API", "API\API.csproj", "{6EAFEE7B-696F-4D44-9F07-DA9F033B45CB}"
EndProject
Global
	GlobalSection(SolutionConfigurationPlatforms) = preSolution
		Debug|Any CPU = Debug|Any CPU
		Debug|x64 = Debug|x64
		Debug|x86 = Debug|x86
		Release|Any CPU = Release|Any CPU
		Release|x64 = Release|x64
		Release|x86 = Release|x86
	EndGlobalSection
	GlobalSection(ProjectConfigurationPlatforms) = postSolution
		{1F221A07-8279-4DA1-9687-A21001A7F45E}.Debug|Any CPU.ActiveCfg = Debug|Any CPU
		{1F221A07-8279-4DA1-9687-A21001A7F45E}.Debug|Any CPU.Build.0 = Debug|Any CPU
		{1F221A07-8279-4DA1-9687-A21001A7F45E}.Debug|x64.ActiveCfg = Debug|Any CPU
		{1F221A07-8279-4DA1-9687-A21001A7F45E}.Debug|x64.Build.0 = Debug|Any CPU
		{1F221A07-8279-4DA1-9687-A21001A7F45E}.Debug|x86.ActiveCfg = Debug|Any CPU
		{1F221A07-8279-4DA1-9687-A21001A7F45E}.Debug|x86.Build.0 = Debug|Any CPU
		{1F221A07-8279-4DA1-9687-A21001A7F45E}.Release|Any CPU.ActiveCfg = Release|Any CPU
		{1F221A07-8279-4DA1-9687-A21001A7F45E}.Release|Any CPU.Build.0 = Release|Any CPU
		{1F221A07-8279-4DA1-9687-A21001A7F45E}.Release|x64.ActiveCfg = Release|Any CPU
		{1F221A07-8279-4DA1-9687-A21001A7F45E}.Release|x64.Build.0 = Release|Any CPU
		{1F221A07-8279-4DA1-9687-A21001A7F45E}.Release|x86.ActiveCfg = Release|Any CPU
		{1F221A07-8279-4DA1-9687-A21001A7F45E}.Release|x86.Build.0 = Release|Any CPU
		{B58CF117-19D0-48A1-96DB-DCE4128D88F8}.Debug|Any CPU.ActiveCfg = Debug|Any CPU
		{B58CF117-19D0-48A1-96DB-DCE4128D88F8}.Debug|Any CPU.Build.0 = Debug|Any CPU
		{B58CF117-19D0-48A1-96DB-DCE4128D88F8}.Debug|x64.ActiveCfg = Debug|Any CPU
		{B58CF117-19D0-48A1-96DB-DCE4128D88F8}.Debug|x64.Build.0 = Debug|Any CPU
		{B58CF117-19D0-48A1-96DB-DCE4128D88F8}.Debug|x86.ActiveCfg = Debug|Any CPU
		{B58CF117-19D0-48A1-96DB-DCE4128D88F8}.Debug|x86.Build.0 = Debug|Any CPU
		{B58CF117-19D0-48A1-96DB-DCE4128D88F8}.Release|Any CPU.ActiveCfg = Release|Any CPU
		{B58CF117-19D0-48A1-96DB-DCE4128D88F8}.Release|Any CPU.Build.0 = Release|Any CPU
		{B58CF117-19D0-48A1-96DB-DCE4128D88F8}.Release|x64.ActiveCfg = Release|Any CPU
		{B58CF117-19D0-48A1-96DB-DCE4128D88F8}.Release|x64.Build.0 = Release|Any CPU
		{B58CF117-19D0-48A1-96DB-DCE4128D88F8}.Release|x86.ActiveCfg = Release|Any CPU
		{B58CF117-19D0-48A1-96DB-DCE4128D88F8}.Release|x86.Build.0 = Release|Any CPU
		{9FA348BD-1332-4B88-B8E7-014ECE8E8F54}.Debug|Any CPU.ActiveCfg = Debug|Any CPU
		{9FA348BD-1332-4B88-B8E7-014ECE8E8F54}.Debug|Any CPU.Build.0 = Debug|Any CPU
		{9FA348BD-1332-4B88-B8E7-014ECE8E8F54}.Debug|x64.ActiveCfg = Debug|Any CPU
		{9FA348BD-1332-4B88-B8E7-014ECE8E8F54}.Debug|x64.Build.0 = Debug|Any CPU
		{9FA348BD-1332-4B88-B8E7-014ECE8E8F54}.Debug|x86.ActiveCfg = Debug|Any CPU
		{9FA348BD-1332-4B88-B8E7-014ECE8E8F54}.Debug|x86.Build.0 = Debug|Any CPU
		{9FA348BD-1332-4B88-B8E7-014ECE8E8F54}.Release|Any CPU.ActiveCfg = Release|Any CPU
		{9FA348BD-1332-4B88-B8E7-014ECE8E8F54}.Release|Any CPU.Build.0 = Release|Any CPU
		{9FA348BD-1332-4B88-B8E7-014ECE8E8F54}.Release|x64.ActiveCfg = Release|Any CPU
		{9FA348BD-1332-4B88-B8E7-014ECE8E8F54}.Release|x64.Build.0 = Release|Any CPU
		{9FA348BD-1332-4B88-B8E7-014ECE8E8F54}.Release|x86.ActiveCfg = Release|Any CPU
		{9FA348BD-1332-4B88-B8E7-014ECE8E8F54}.Release|x86.Build.0 = Release|Any CPU
		{54F6E821-962B-44D9-A82B-72333BDDA5EE}.Debug|Any CPU.ActiveCfg = Debug|Any CPU
		{54F6E821-962B-44D9-A82B-72333BDDA5EE}.Debug|Any CPU.Build.0 = Debug|Any CPU
		{54F6E821-962B-44D9-A82B-72333BDDA5EE}.Debug|x64.ActiveCfg = Debug|Any CPU
		{54F6E821-962B-44D9-A82B-72333BDDA5EE}.Debug|x64.Build.0 = Debug|Any CPU
		{54F6E821-962B-44D9-A82B-72333BDDA5EE}.Debug|x86.ActiveCfg = Debug|Any CPU
		{54F6E821-962B-44D9-A82B-72333BDDA5EE}.Debug|x86.Build.0 = Debug|Any CPU
		{54F6E821-962B-44D9-A82B-72333BDDA5EE}.Release|Any CPU.ActiveCfg = Release|Any CPU
		{54F6E821-962B-44D9-A82B-72333BDDA5EE}.Release|Any CPU.Build.0 = Release|Any CPU
		{54F6E821-962B-44D9-A82B-72333BDDA5EE}.Release|x64.ActiveCfg = Release|Any CPU
		{54F6E821-962B-44D9-A82B-72333BDDA5EE}.Release|x64.Build.0 = Release|Any CPU
		{54F6E821-962B-44D9-A82B-72333BDDA5EE}.Release|x86.ActiveCfg = Release|Any CPU
		{54F6E821-962B-44D9-A82B-72333BDDA5EE}.Release|x86.Build.0 = Release|Any CPU
		{1E3B0010-2291-45A1-B547-CC387E9742D8}.Debug|Any CPU.ActiveCfg = Debug|Any CPU
		{1E3B0010-2291-45A1-B547-CC387E9742D8}.Debug|Any CPU.Build.0 = Debug|Any CPU
		{1E3B0010-2291-45A1-B547-CC387E9742D8}.Debug|x64.ActiveCfg = Debug|Any CPU
		{1E3B0010-2291-45A1-B547-CC387E9742D8}.Debug|x64.Build.0 = Debug|Any CPU
		{1E3B0010-2291-45A1-B547-CC387E9742D8}.Debug|x86.ActiveCfg = Debug|Any CPU
		{1E3B0010-2291-45A1-B547-CC387E9742D8}.Debug|x86.Build.0 = Debug|Any CPU
		{1E3B0010-2291-45A1-B547-CC387E9742D8}.Release|Any CPU.ActiveCfg = Release|Any CPU
		{1E3B0010-2291-45A1-B547-CC387E9742D8}.Release|Any CPU.Build.0 = Release|Any CPU
		{1E3B0010-2291-45A1-B547-CC387E9742D8}.Release|x64.ActiveCfg = Release|Any CPU
		{1E3B0010-2291-45A1-B547-CC387E9742D8}.Release|x64.Build.0 = Release|Any CPU
		{1E3B0010-2291-45A1-B547-CC387E9742D8}.Release|x86.ActiveCfg = Release|Any CPU
		{1E3B0010-2291-45A1-B547-CC387E9742D8}.Release|x86.Build.0 = Release|Any CPU
		{B6D31E85-BC89-49DB-8803-6FDE70924895}.Debug|Any CPU.ActiveCfg = Debug|Any CPU
		{B6D31E85-BC89-49DB-8803-6FDE70924895}.Debug|Any CPU.Build.0 = Debug|Any CPU
		{B6D31E85-BC89-49DB-8803-6FDE70924895}.Debug|x64.ActiveCfg = Debug|Any CPU
		{B6D31E85-BC89-49DB-8803-6FDE70924895}.Debug|x64.Build.0 = Debug|Any CPU
		{B6D31E85-BC89-49DB-8803-6FDE70924895}.Debug|x86.ActiveCfg = Debug|Any CPU
		{B6D31E85-BC89-49DB-8803-6FDE70924895}.Debug|x86.Build.0 = Debug|Any CPU
		{B6D31E85-BC89-49DB-8803-6FDE70924895}.Release|Any CPU.ActiveCfg = Release|Any CPU
		{B6D31E85-BC89-49DB-8803-6FDE70924895}.Release|Any CPU.Build.0 = Release|Any CPU
		{B6D31E85-BC89-49DB-8803-6FDE70924895}.Release|x64.ActiveCfg = Release|Any CPU
		{B6D31E85-BC89-49DB-8803-6FDE70924895}.Release|x64.Build.0 = Release|Any CPU
		{B6D31E85-BC89-49DB-8803-6FDE70924895}.Release|x86.ActiveCfg = Release|Any CPU
		{B6D31E85-BC89-49DB-8803-6FDE70924895}.Release|x86.Build.0 = Release|Any CPU
		{7A1CB229-4922-4025-B4A4-18C5D7E5A0DE}.Debug|Any CPU.ActiveCfg = Debug|Any CPU
		{7A1CB229-4922-4025-B4A4-18C5D7E5A0DE}.Debug|Any CPU.Build.0 = Debug|Any CPU
		{7A1CB229-4922-4025-B4A4-18C5D7E5A0DE}.Debug|x64.ActiveCfg = Debug|Any CPU
		{7A1CB229-4922-4025-B4A4-18C5D7E5A0DE}.Debug|x64.Build.0 = Debug|Any CPU
		{7A1CB229-4922-4025-B4A4-18C5D7E5A0DE}.Debug|x86.ActiveCfg = Debug|Any CPU
		{7A1CB229-4922-4025-B4A4-18C5D7E5A0DE}.Debug|x86.Build.0 = Debug|Any CPU
		{7A1CB229-4922-4025-B4A4-18C5D7E5A0DE}.Release|Any CPU.ActiveCfg = Release|Any CPU
		{7A1CB229-4922-4025-B4A4-18C5D7E5A0DE}.Release|Any CPU.Build.0 = Release|Any CPU
		{7A1CB229-4922-4025-B4A4-18C5D7E5A0DE}.Release|x64.ActiveCfg = Release|Any CPU
		{7A1CB229-4922-4025-B4A4-18C5D7E5A0DE}.Release|x64.Build.0 = Release|Any CPU
		{7A1CB229-4922-4025-B4A4-18C5D7E5A0DE}.Release|x86.ActiveCfg = Release|Any CPU
		{7A1CB229-4922-4025-B4A4-18C5D7E5A0DE}.Release|x86.Build.0 = Release|Any CPU
		{A07B167D-66DF-400C-835F-C34461EE2098}.Debug|Any CPU.ActiveCfg = Debug|Any CPU
		{A07B167D-66DF-400C-835F-C34461EE2098}.Debug|Any CPU.Build.0 = Debug|Any CPU
		{A07B167D-66DF-400C-835F-C34461EE2098}.Debug|x64.ActiveCfg = Debug|Any CPU
		{A07B167D-66DF-400C-835F-C34461EE2098}.Debug|x64.Build.0 = Debug|Any CPU
		{A07B167D-66DF-400C-835F-C34461EE2098}.Debug|x86.ActiveCfg = Debug|Any CPU
		{A07B167D-66DF-400C-835F-C34461EE2098}.Debug|x86.Build.0 = Debug|Any CPU
		{A07B167D-66DF-400C-835F-C34461EE2098}.Release|Any CPU.ActiveCfg = Release|Any CPU
		{A07B167D-66DF-400C-835F-C34461EE2098}.Release|Any CPU.Build.0 = Release|Any CPU
		{A07B167D-66DF-400C-835F-C34461EE2098}.Release|x64.ActiveCfg = Release|Any CPU
		{A07B167D-66DF-400C-835F-C34461EE2098}.Release|x64.Build.0 = Release|Any CPU
		{A07B167D-66DF-400C-835F-C34461EE2098}.Release|x86.ActiveCfg = Release|Any CPU
		{A07B167D-66DF-400C-835F-C34461EE2098}.Release|x86.Build.0 = Release|Any CPU
		{6EAFEE7B-696F-4D44-9F07-DA9F033B45CB}.Debug|Any CPU.ActiveCfg = Debug|Any CPU
		{6EAFEE7B-696F-4D44-9F07-DA9F033B45CB}.Debug|Any CPU.Build.0 = Debug|Any CPU
		{6EAFEE7B-696F-4D44-9F07-DA9F033B45CB}.Debug|x64.ActiveCfg = Debug|Any CPU
		{6EAFEE7B-696F-4D44-9F07-DA9F033B45CB}.Debug|x64.Build.0 = Debug|Any CPU
		{6EAFEE7B-696F-4D44-9F07-DA9F033B45CB}.Debug|x86.ActiveCfg = Debug|Any CPU
		{6EAFEE7B-696F-4D44-9F07-DA9F033B45CB}.Debug|x86.Build.0 = Debug|Any CPU
		{6EAFEE7B-696F-4D44-9F07-DA9F033B45CB}.Release|Any CPU.ActiveCfg = Release|Any CPU
		{6EAFEE7B-696F-4D44-9F07-DA9F033B45CB}.Release|Any CPU.Build.0 = Release|Any CPU
		{6EAFEE7B-696F-4D44-9F07-DA9F033B45CB}.Release|x64.ActiveCfg = Release|Any CPU
		{6EAFEE7B-696F-4D44-9F07-DA9F033B45CB}.Release|x64.Build.0 = Release|Any CPU
		{6EAFEE7B-696F-4D44-9F07-DA9F033B45CB}.Release|x86.ActiveCfg = Release|Any CPU
		{6EAFEE7B-696F-4D44-9F07-DA9F033B45CB}.Release|x86.Build.0 = Release|Any CPU
	EndGlobalSection
	GlobalSection(SolutionProperties) = preSolution
		HideSolutionNode = FALSE
	EndGlobalSection
EndGlobal
